
Microsoft Visual Studio Solution File, Format Version 12.00
# Visual Studio Version 17
VisualStudioVersion = 17.11.35219.272
MinimumVisualStudioVersion = 10.0.40219.1
Project("{9A19103F-16F7-4668-BE54-9A1E7A4F7556}") = "TimesheetMVC", "TimesheetMVC.csproj", "{43E4A110-8A0E-4F44-94A6-E4AF9543F186}"
EndProject
Project("{9A19103F-16F7-4668-BE54-9A1E7A4F7556}") = "TimeSheetProject", "..\TimeSheetMVC.git\TimeSheetProject\TimeSheetProject.csproj", "{FB7A457C-7E05-47A9-9FB4-BF2C125364A5}"
EndProject
Project("{FAE04EC0-301F-11D3-BF4B-00C04F79EFBC}") = "ClassLibraryUtility", "..\ClassLibraryUtility\ClassLibraryUtility.csproj", "{8DD7CA7C-5D89-4468-AF5C-9C89379E731E}"
EndProject
Global
	GlobalSection(SolutionConfigurationPlatforms) = preSolution
		Debug|Any CPU = Debug|Any CPU
		Release|Any CPU = Release|Any CPU
	EndGlobalSection
	GlobalSection(ProjectConfigurationPlatforms) = postSolution
		{43E4A110-8A0E-4F44-94A6-E4AF9543F186}.Debug|Any CPU.ActiveCfg = Debug|Any CPU
		{43E4A110-8A0E-4F44-94A6-E4AF9543F186}.Debug|Any CPU.Build.0 = Debug|Any CPU
		{43E4A110-8A0E-4F44-94A6-E4AF9543F186}.Release|Any CPU.ActiveCfg = Release|Any CPU
		{43E4A110-8A0E-4F44-94A6-E4AF9543F186}.Release|Any CPU.Build.0 = Release|Any CPU
		{FB7A457C-7E05-47A9-9FB4-BF2C125364A5}.Debug|Any CPU.ActiveCfg = Debug|Any CPU
		{FB7A457C-7E05-47A9-9FB4-BF2C125364A5}.Debug|Any CPU.Build.0 = Debug|Any CPU
		{FB7A457C-7E05-47A9-9FB4-BF2C125364A5}.Release|Any CPU.ActiveCfg = Release|Any CPU
		{FB7A457C-7E05-47A9-9FB4-BF2C125364A5}.Release|Any CPU.Build.0 = Release|Any CPU
		{8DD7CA7C-5D89-4468-AF5C-9C89379E731E}.Debug|Any CPU.ActiveCfg = Debug|Any CPU
		{8DD7CA7C-5D89-4468-AF5C-9C89379E731E}.Debug|Any CPU.Build.0 = Debug|Any CPU
		{8DD7CA7C-5D89-4468-AF5C-9C89379E731E}.Release|Any CPU.ActiveCfg = Release|Any CPU
		{8DD7CA7C-5D89-4468-AF5C-9C89379E731E}.Release|Any CPU.Build.0 = Release|Any CPU
	EndGlobalSection
	GlobalSection(SolutionProperties) = preSolution
		HideSolutionNode = FALSE
	EndGlobalSection
	GlobalSection(ExtensibilityGlobals) = postSolution
		SolutionGuid = {4DD6E3AD-A34B-4CE0-8F16-7903002B8410}
	EndGlobalSection
EndGlobal
